
Microsoft Visual Studio Solution File, Format Version 12.00
# Visual Studio Version 17
VisualStudioVersion = 17.9.34728.123
MinimumVisualStudioVersion = 10.0.40219.1
Project("{FAE04EC0-301F-11D3-BF4B-00C04F79EFBC}") = "SNDTRCK", "SNDTRCK\SNDTRCK.csproj", "{66E231E6-99D2-41AC-BAD3-FB3822AA7478}"
EndProject
Global
	GlobalSection(SolutionConfigurationPlatforms) = preSolution
		Debug|Any CPU = Debug|Any CPU
		Release|Any CPU = Release|Any CPU
	EndGlobalSection
	GlobalSection(ProjectConfigurationPlatforms) = postSolution
		{66E231E6-99D2-41AC-BAD3-FB3822AA7478}.Debug|Any CPU.ActiveCfg = Debug|Any CPU
		{66E231E6-99D2-41AC-BAD3-FB3822AA7478}.Debug|Any CPU.Build.0 = Debug|Any CPU
		{66E231E6-99D2-41AC-BAD3-FB3822AA7478}.Release|Any CPU.ActiveCfg = Release|Any CPU
		{66E231E6-99D2-41AC-BAD3-FB3822AA7478}.Release|Any CPU.Build.0 = Release|Any CPU
	EndGlobalSection
	GlobalSection(SolutionProperties) = preSolution
		HideSolutionNode = FALSE
	EndGlobalSection
	GlobalSection(ExtensibilityGlobals) = postSolution
		SolutionGuid = {071180EA-41A5-42FD-8046-C00033C4318E}
	EndGlobalSection
EndGlobal
